{
  "nodes": {
    "algebra-simple": {
      "inputs": {
        "flake-parts": [
          "flake-parts"
        ],
        "nix-hs-utils": [
          "nix-hs-utils"
        ],
        "nixpkgs": [
          "nixpkgs"
        ]
      },
      "locked": {
        "lastModified": 1738892617,
        "narHash": "sha256-K/l8MIFerpM3qOkCcuIUhxBPs1sjaermx98ojLs0JzI=",
        "owner": "tbidne",
        "repo": "algebra-simple",
        "rev": "37ec7127fbd0f591d4539e4bf72a0badd7569181",
        "type": "github"
      },
      "original": {
        "owner": "tbidne",
        "repo": "algebra-simple",
        "type": "github"
      }
    },
    "bounds": {
      "inputs": {
        "flake-parts": [
          "flake-parts"
        ],
        "nix-hs-utils": [
          "nix-hs-utils"
        ],
        "nixpkgs": [
          "nixpkgs"
        ]
      },
      "locked": {
        "lastModified": 1736903719,
        "narHash": "sha256-FTet9BtDMzNUYAy6xESAC+zuXzSvKgsnYoVvZBYXSpA=",
        "owner": "tbidne",
        "repo": "bounds",
        "rev": "b7ca541cfdd8564bcebe5d38456fe7abf77885b8",
        "type": "github"
      },
      "original": {
        "owner": "tbidne",
        "repo": "bounds",
        "type": "github"
      }
    },
    "exception-utils": {
      "inputs": {
        "flake-parts": [
          "flake-parts"
        ],
        "nix-hs-utils": [
          "nix-hs-utils"
        ],
        "nixpkgs": [
          "nixpkgs"
        ]
      },
      "locked": {
        "lastModified": 1738875981,
        "narHash": "sha256-UXYDrw4/bty2qyjNmvaTYSng0L+MDdzAzawG5gXBcF8=",
        "owner": "tbidne",
        "repo": "exception-utils",
        "rev": "e28b28ae3bc90a0336abf69eff28369b790f4e13",
        "type": "github"
      },
      "original": {
        "owner": "tbidne",
        "repo": "exception-utils",
        "type": "github"
      }
    },
    "flake-parts": {
      "inputs": {
        "nixpkgs-lib": "nixpkgs-lib"
      },
      "locked": {
        "lastModified": 1743550720,
        "narHash": "sha256-hIshGgKZCgWh6AYJpJmRgFdR3WUbkY04o82X05xqQiY=",
        "owner": "hercules-ci",
        "repo": "flake-parts",
        "rev": "c621e8422220273271f52058f618c94e405bb0f5",
        "type": "github"
      },
      "original": {
        "owner": "hercules-ci",
        "repo": "flake-parts",
        "type": "github"
      }
    },
    "fs-utils": {
      "inputs": {
        "flake-parts": [
          "flake-parts"
        ],
        "nix-hs-utils": [
          "nix-hs-utils"
        ],
        "nixpkgs": [
          "nixpkgs"
        ]
      },
      "locked": {
        "lastModified": 1746064919,
        "narHash": "sha256-1SpBSjkN1i8nLGTXhsI9810Jfwp3FV1rUjmCf/j6Vy4=",
        "owner": "tbidne",
        "repo": "fs-utils",
        "rev": "2389f7dbe5b94f65bd22088f4e5a5f6644caaade",
        "type": "github"
      },
      "original": {
        "owner": "tbidne",
        "repo": "fs-utils",
        "type": "github"
      }
    },
    "nix-hs-utils": {
      "locked": {
        "lastModified": 1742030678,
        "narHash": "sha256-2bNL8xwtwuwTSE6WrWBu6tg2MF8hhtZWJy/KrDqNchA=",
        "owner": "tbidne",
        "repo": "nix-hs-utils",
        "rev": "4ac2f27bad136886a3f8b2b3c76e1fa53f867cb1",
        "type": "github"
      },
      "original": {
        "owner": "tbidne",
        "repo": "nix-hs-utils",
        "type": "github"
      }
    },
    "nixpkgs": {
      "locked": {
        "lastModified": 1746461020,
        "narHash": "sha256-7+pG1I9jvxNlmln4YgnlW4o+w0TZX24k688mibiFDUE=",
        "owner": "nixos",
        "repo": "nixpkgs",
        "rev": "3730d8a308f94996a9ba7c7138ede69c1b9ac4ae",
        "type": "github"
      },
      "original": {
        "owner": "nixos",
        "ref": "nixos-unstable",
        "repo": "nixpkgs",
        "type": "github"
      }
    },
    "nixpkgs-lib": {
      "locked": {
        "lastModified": 1743296961,
        "narHash": "sha256-b1EdN3cULCqtorQ4QeWgLMrd5ZGOjLSLemfa00heasc=",
        "owner": "nix-community",
        "repo": "nixpkgs.lib",
        "rev": "e4822aea2a6d1cdd36653c134cacfd64c97ff4fa",
        "type": "github"
      },
      "original": {
        "owner": "nix-community",
        "repo": "nixpkgs.lib",
        "type": "github"
      }
    },
    "root": {
      "inputs": {
        "algebra-simple": "algebra-simple",
        "bounds": "bounds",
        "exception-utils": "exception-utils",
        "flake-parts": "flake-parts",
        "fs-utils": "fs-utils",
        "nix-hs-utils": "nix-hs-utils",
        "nixpkgs": "nixpkgs",
        "smart-math": "smart-math"
      }
    },
    "smart-math": {
      "inputs": {
        "algebra-simple": [
          "algebra-simple"
        ],
        "bounds": [
          "bounds"
        ],
        "flake-parts": [
          "flake-parts"
        ],
        "nix-hs-utils": [
          "nix-hs-utils"
        ],
        "nixpkgs": [
          "nixpkgs"
        ]
      },
      "locked": {
        "lastModified": 1746595374,
        "narHash": "sha256-jOLRWAhUpBZIcLzv9IS2fiRboAxRgVSfxwqv/ffW8ck=",
        "owner": "tbidne",
        "repo": "smart-math",
        "rev": "acc3d79b82830397979f4be7b45266f5fc056cfb",
        "type": "github"
      },
      "original": {
        "owner": "tbidne",
        "repo": "smart-math",
        "type": "github"
      }
    }
  },
  "root": "root",
  "version": 7
}
