{
  "nodes": {
    "algebra-simple": {
      "inputs": {
        "flake-compat": [
          "flake-compat"
        ],
        "flake-parts": [
          "flake-parts"
        ],
        "nixpkgs": [
          "nixpkgs"
        ]
      },
      "locked": {
        "lastModified": 1676935671,
        "narHash": "sha256-Gai8r+DWdYCEzBIFccau32if2Fo2AJ7ifokw37utE5o=",
        "owner": "tbidne",
        "repo": "algebra-simple",
        "rev": "814f878e740f80a7231b97e7faa893392039ea85",
        "type": "github"
      },
      "original": {
        "owner": "tbidne",
        "repo": "algebra-simple",
        "type": "github"
      }
    },
    "bounds": {
      "inputs": {
        "flake-compat": [
          "flake-compat"
        ],
        "flake-parts": [
          "flake-parts"
        ],
        "nixpkgs": [
          "nixpkgs"
        ]
      },
      "locked": {
        "lastModified": 1676935740,
        "narHash": "sha256-HRuVba/tYsss4A4DFLUaTZqVfX3qcERLVwGPTmZmO40=",
        "owner": "tbidne",
        "repo": "bounds",
        "rev": "8dcff65c1b72ed4d587ff6d38219f73facf77d18",
        "type": "github"
      },
      "original": {
        "owner": "tbidne",
        "repo": "bounds",
        "type": "github"
      }
    },
    "flake-compat": {
      "flake": false,
      "locked": {
        "lastModified": 1673956053,
        "narHash": "sha256-4gtG9iQuiKITOjNQQeQIpoIB6b16fm+504Ch3sNKLd8=",
        "owner": "edolstra",
        "repo": "flake-compat",
        "rev": "35bb57c0c8d8b62bbfd284272c928ceb64ddbde9",
        "type": "github"
      },
      "original": {
        "owner": "edolstra",
        "repo": "flake-compat",
        "type": "github"
      }
    },
    "flake-parts": {
      "inputs": {
        "nixpkgs-lib": "nixpkgs-lib"
      },
      "locked": {
        "lastModified": 1675933616,
        "narHash": "sha256-/rczJkJHtx16IFxMmAWu5nNYcSXNg1YYXTHoGjLrLUA=",
        "owner": "hercules-ci",
        "repo": "flake-parts",
        "rev": "47478a4a003e745402acf63be7f9a092d51b83d7",
        "type": "github"
      },
      "original": {
        "owner": "hercules-ci",
        "repo": "flake-parts",
        "type": "github"
      }
    },
    "nixpkgs": {
      "locked": {
        "lastModified": 1676721149,
        "narHash": "sha256-mN2EpTGxxVNnFZLoLWRwh6f7UWhXy4qE+wO2CZyrXps=",
        "owner": "nixos",
        "repo": "nixpkgs",
        "rev": "5f4e07deb7c44f27d498f8df9c5f34750acf52d2",
        "type": "github"
      },
      "original": {
        "owner": "nixos",
        "ref": "nixos-unstable",
        "repo": "nixpkgs",
        "type": "github"
      }
    },
    "nixpkgs-lib": {
      "locked": {
        "dir": "lib",
        "lastModified": 1675183161,
        "narHash": "sha256-Zq8sNgAxDckpn7tJo7V1afRSk2eoVbu3OjI1QklGLNg=",
        "owner": "NixOS",
        "repo": "nixpkgs",
        "rev": "e1e1b192c1a5aab2960bf0a0bd53a2e8124fa18e",
        "type": "github"
      },
      "original": {
        "dir": "lib",
        "owner": "NixOS",
        "ref": "nixos-unstable",
        "repo": "nixpkgs",
        "type": "github"
      }
    },
    "root": {
      "inputs": {
        "algebra-simple": "algebra-simple",
        "bounds": "bounds",
        "flake-compat": "flake-compat",
        "flake-parts": "flake-parts",
        "nixpkgs": "nixpkgs",
        "smart-math": "smart-math"
      }
    },
    "smart-math": {
      "inputs": {
        "algebra-simple": [
          "algebra-simple"
        ],
        "bounds": [
          "bounds"
        ],
        "flake-compat": [
          "flake-compat"
        ],
        "flake-parts": [
          "flake-parts"
        ],
        "nixpkgs": [
          "nixpkgs"
        ]
      },
      "locked": {
        "lastModified": 1676935953,
        "narHash": "sha256-UAtJQx/ZnOa56hZXFxaplE8vFQ32kqV4ykTMbC9XYjs=",
        "owner": "tbidne",
        "repo": "smart-math",
        "rev": "a8a1594a8c1d94c1e0177daf6f49a40c6ec56584",
        "type": "github"
      },
      "original": {
        "owner": "tbidne",
        "repo": "smart-math",
        "type": "github"
      }
    }
  },
  "root": "root",
  "version": 7
}
